
Microsoft Visual Studio Solution File, Format Version 12.00
Project("{2150E333-8FDC-42A3-9474-1A3956D46DE8}") = "Documentation", "Documentation", "{3EEE281A-9709-4B48-A0C5-FEDA7FE0ECA4}"
	ProjectSection(SolutionItems) = preProject
		readme.md = readme.md
	EndProjectSection
EndProject
Project("{FAE04EC0-301F-11D3-BF4B-00C04F79EFBC}") = "Synonms.CarbonBlazor", "Synonms.CarbonBlazor\Synonms.CarbonBlazor.csproj", "{EB42238C-DD7E-4340-94EC-00EDA64A7A4C}"
EndProject
Project("{FAE04EC0-301F-11D3-BF4B-00C04F79EFBC}") = "Synonms.CarbonBlazor.Sample.WebAssembly", "Synonms.CarbonBlazor.Sample.WebAssembly\Synonms.CarbonBlazor.Sample.WebAssembly.csproj", "{F9A3FBBE-4102-4F99-A269-C094EED95929}"
EndProject
Project("{2150E333-8FDC-42A3-9474-1A3956D46DE8}") = "Agents", "Agents", "{D3D88013-FEB4-40E3-8A99-780716EFB835}"
	ProjectSection(SolutionItems) = preProject
		AGENTS.md = AGENTS.md
		.agents\component-developer.agent.md = .agents\component-developer.agent.md
		.agents\readme-specialist.agent.md = .agents\readme-specialist.agent.md
	EndProjectSection
EndProject
Project("{FAE04EC0-301F-11D3-BF4B-00C04F79EFBC}") = "Synonms.CarbonBlazor.Tests.Unit", "Synonms.CarbonBlazor.Tests.Unit\Synonms.CarbonBlazor.Tests.Unit.csproj", "{2290E8CD-AFFB-418B-9272-D52EA4E39F2E}"
EndProject
Project("{2150E333-8FDC-42A3-9474-1A3956D46DE8}") = "Skills", "Skills", "{8B905EDD-A956-4A68-9D1C-704D43B12C1E}"
EndProject
Project("{2150E333-8FDC-42A3-9474-1A3956D46DE8}") = "CreateComponent", "CreateComponent", "{269CB157-FE48-44A3-A24C-EB5C058F4254}"
	ProjectSection(SolutionItems) = preProject
		.agents\skills\create-component\SKILL.md = .agents\skills\create-component\SKILL.md
	EndProjectSection
EndProject
Project("{2150E333-8FDC-42A3-9474-1A3956D46DE8}") = "PackageLibrary", "PackageLibrary", "{C9566BF8-3455-40B3-9121-B8B38FE3C124}"
	ProjectSection(SolutionItems) = preProject
		.agents\skills\package-library\SKILL.md = .agents\skills\package-library\SKILL.md
	EndProjectSection
EndProject
Global
	GlobalSection(SolutionConfigurationPlatforms) = preSolution
		Debug|Any CPU = Debug|Any CPU
		Release|Any CPU = Release|Any CPU
	EndGlobalSection
	GlobalSection(ProjectConfigurationPlatforms) = postSolution
		{EB42238C-DD7E-4340-94EC-00EDA64A7A4C}.Debug|Any CPU.ActiveCfg = Debug|Any CPU
		{EB42238C-DD7E-4340-94EC-00EDA64A7A4C}.Debug|Any CPU.Build.0 = Debug|Any CPU
		{EB42238C-DD7E-4340-94EC-00EDA64A7A4C}.Release|Any CPU.ActiveCfg = Release|Any CPU
		{EB42238C-DD7E-4340-94EC-00EDA64A7A4C}.Release|Any CPU.Build.0 = Release|Any CPU
		{F9A3FBBE-4102-4F99-A269-C094EED95929}.Debug|Any CPU.ActiveCfg = Debug|Any CPU
		{F9A3FBBE-4102-4F99-A269-C094EED95929}.Debug|Any CPU.Build.0 = Debug|Any CPU
		{F9A3FBBE-4102-4F99-A269-C094EED95929}.Release|Any CPU.ActiveCfg = Release|Any CPU
		{F9A3FBBE-4102-4F99-A269-C094EED95929}.Release|Any CPU.Build.0 = Release|Any CPU
		{2290E8CD-AFFB-418B-9272-D52EA4E39F2E}.Debug|Any CPU.ActiveCfg = Debug|Any CPU
		{2290E8CD-AFFB-418B-9272-D52EA4E39F2E}.Debug|Any CPU.Build.0 = Debug|Any CPU
		{2290E8CD-AFFB-418B-9272-D52EA4E39F2E}.Release|Any CPU.ActiveCfg = Release|Any CPU
		{2290E8CD-AFFB-418B-9272-D52EA4E39F2E}.Release|Any CPU.Build.0 = Release|Any CPU
	EndGlobalSection
	GlobalSection(NestedProjects) = preSolution
		{8B905EDD-A956-4A68-9D1C-704D43B12C1E} = {D3D88013-FEB4-40E3-8A99-780716EFB835}
		{269CB157-FE48-44A3-A24C-EB5C058F4254} = {8B905EDD-A956-4A68-9D1C-704D43B12C1E}
		{C9566BF8-3455-40B3-9121-B8B38FE3C124} = {8B905EDD-A956-4A68-9D1C-704D43B12C1E}
	EndGlobalSection
EndGlobal
